
Microsoft Visual Studio Solution File, Format Version 12.00
# Visual Studio Version 17
VisualStudioVersion = 17.4.32916.344
MinimumVisualStudioVersion = 10.0.40219.1
Project("{FAE04EC0-301F-11D3-BF4B-00C04F79EFBC}") = "MagicQCTRLDesktopApp", "MagicQCTRLDesktopApp\MagicQCTRLDesktopApp.csproj", "{68E1D8EA-4181-45DE-BDDB-11354D0D5EF5}"
EndProject
Global
	GlobalSection(SolutionConfigurationPlatforms) = preSolution
		Debug|Any CPU = Debug|Any CPU
		Release|Any CPU = Release|Any CPU
	EndGlobalSection
	GlobalSection(ProjectConfigurationPlatforms) = postSolution
		{68E1D8EA-4181-45DE-BDDB-11354D0D5EF5}.Debug|Any CPU.ActiveCfg = Debug|Any CPU
		{68E1D8EA-4181-45DE-BDDB-11354D0D5EF5}.Debug|Any CPU.Build.0 = Debug|Any CPU
		{68E1D8EA-4181-45DE-BDDB-11354D0D5EF5}.Release|Any CPU.ActiveCfg = Release|Any CPU
		{68E1D8EA-4181-45DE-BDDB-11354D0D5EF5}.Release|Any CPU.Build.0 = Release|Any CPU
	EndGlobalSection
	GlobalSection(SolutionProperties) = preSolution
		HideSolutionNode = FALSE
	EndGlobalSection
	GlobalSection(ExtensibilityGlobals) = postSolution
		SolutionGuid = {1B96F302-1614-4426-ACD9-DC3D8E910746}
	EndGlobalSection
EndGlobal
